
Microsoft Visual Studio Solution File, Format Version 12.00
# Visual Studio Version 17
VisualStudioVersion = 17.2.32516.85
MinimumVisualStudioVersion = 10.0.40219.1
Project("{9A19103F-16F7-4668-BE54-9A1E7A4F7556}") = "API", "API.csproj", "{853A9C02-CBAA-46A9-AAB9-C861F71BA92A}"
EndProject
Global
	GlobalSection(SolutionConfigurationPlatforms) = preSolution
		Debug|Any CPU = Debug|Any CPU
		Release|Any CPU = Release|Any CPU
	EndGlobalSection
	GlobalSection(ProjectConfigurationPlatforms) = postSolution
		{853A9C02-CBAA-46A9-AAB9-C861F71BA92A}.Debug|Any CPU.ActiveCfg = Debug|Any CPU
		{853A9C02-CBAA-46A9-AAB9-C861F71BA92A}.Debug|Any CPU.Build.0 = Debug|Any CPU
		{853A9C02-CBAA-46A9-AAB9-C861F71BA92A}.Release|Any CPU.ActiveCfg = Release|Any CPU
		{853A9C02-CBAA-46A9-AAB9-C861F71BA92A}.Release|Any CPU.Build.0 = Release|Any CPU
	EndGlobalSection
	GlobalSection(SolutionProperties) = preSolution
		HideSolutionNode = FALSE
	EndGlobalSection
	GlobalSection(ExtensibilityGlobals) = postSolution
		SolutionGuid = {52A311D2-3028-4FE6-85BF-EFE9A2AC6C80}
	EndGlobalSection
EndGlobal
